
Microsoft Visual Studio Solution File, Format Version 12.00
# Visual Studio Version 17
VisualStudioVersion = 17.13.35931.197 d17.13
MinimumVisualStudioVersion = 10.0.40219.1
Project("{FAE04EC0-301F-11D3-BF4B-00C04F79EFBC}") = "Block1", "Block1.csproj", "{553BF558-6CA0-2963-368D-7DBA5077FC30}"
EndProject
Global
	GlobalSection(SolutionConfigurationPlatforms) = preSolution
		Debug|Any CPU = Debug|Any CPU
		Release|Any CPU = Release|Any CPU
	EndGlobalSection
	GlobalSection(ProjectConfigurationPlatforms) = postSolution
		{553BF558-6CA0-2963-368D-7DBA5077FC30}.Debug|Any CPU.ActiveCfg = Debug|Any CPU
		{553BF558-6CA0-2963-368D-7DBA5077FC30}.Debug|Any CPU.Build.0 = Debug|Any CPU
		{553BF558-6CA0-2963-368D-7DBA5077FC30}.Release|Any CPU.ActiveCfg = Release|Any CPU
		{553BF558-6CA0-2963-368D-7DBA5077FC30}.Release|Any CPU.Build.0 = Release|Any CPU
	EndGlobalSection
	GlobalSection(SolutionProperties) = preSolution
		HideSolutionNode = FALSE
	EndGlobalSection
	GlobalSection(ExtensibilityGlobals) = postSolution
		SolutionGuid = {B632E5A0-C66E-41F7-A5C5-992B8B22D67C}
	EndGlobalSection
EndGlobal
